
Microsoft Visual Studio Solution File, Format Version 12.00
# Visual Studio 15
VisualStudioVersion = 15.0.28307.757
MinimumVisualStudioVersion = 10.0.40219.1
Project("{8BC9CEB8-8B4A-11D0-8D11-00A0C91BC942}") = "算法", "算法\算法.vcxproj", "{C33A38B3-EDBC-42A6-9B25-AE31F64E1BF9}"
EndProject
Project("{8BC9CEB8-8B4A-11D0-8D11-00A0C91BC942}") = "动态规划", "动态规划\动态规划.vcxproj", "{C0023591-9110-4EBB-B9B9-CB45FF3BFB16}"
EndProject
Global
	GlobalSection(SolutionConfigurationPlatforms) = preSolution
		Debug|x64 = Debug|x64
		Debug|x86 = Debug|x86
		Release|x64 = Release|x64
		Release|x86 = Release|x86
	EndGlobalSection
	GlobalSection(ProjectConfigurationPlatforms) = postSolution
		{C33A38B3-EDBC-42A6-9B25-AE31F64E1BF9}.Debug|x64.ActiveCfg = Debug|x64
		{C33A38B3-EDBC-42A6-9B25-AE31F64E1BF9}.Debug|x64.Build.0 = Debug|x64
		{C33A38B3-EDBC-42A6-9B25-AE31F64E1BF9}.Debug|x86.ActiveCfg = Debug|Win32
		{C33A38B3-EDBC-42A6-9B25-AE31F64E1BF9}.Debug|x86.Build.0 = Debug|Win32
		{C33A38B3-EDBC-42A6-9B25-AE31F64E1BF9}.Release|x64.ActiveCfg = Release|x64
		{C33A38B3-EDBC-42A6-9B25-AE31F64E1BF9}.Release|x64.Build.0 = Release|x64
		{C33A38B3-EDBC-42A6-9B25-AE31F64E1BF9}.Release|x86.ActiveCfg = Release|Win32
		{C33A38B3-EDBC-42A6-9B25-AE31F64E1BF9}.Release|x86.Build.0 = Release|Win32
		{C0023591-9110-4EBB-B9B9-CB45FF3BFB16}.Debug|x64.ActiveCfg = Debug|x64
		{C0023591-9110-4EBB-B9B9-CB45FF3BFB16}.Debug|x64.Build.0 = Debug|x64
		{C0023591-9110-4EBB-B9B9-CB45FF3BFB16}.Debug|x86.ActiveCfg = Debug|Win32
		{C0023591-9110-4EBB-B9B9-CB45FF3BFB16}.Debug|x86.Build.0 = Debug|Win32
		{C0023591-9110-4EBB-B9B9-CB45FF3BFB16}.Release|x64.ActiveCfg = Release|x64
		{C0023591-9110-4EBB-B9B9-CB45FF3BFB16}.Release|x64.Build.0 = Release|x64
		{C0023591-9110-4EBB-B9B9-CB45FF3BFB16}.Release|x86.ActiveCfg = Release|Win32
		{C0023591-9110-4EBB-B9B9-CB45FF3BFB16}.Release|x86.Build.0 = Release|Win32
	EndGlobalSection
	GlobalSection(SolutionProperties) = preSolution
		HideSolutionNode = FALSE
	EndGlobalSection
	GlobalSection(ExtensibilityGlobals) = postSolution
		SolutionGuid = {2B755638-7EAE-4B24-9D7F-09E8F76A2A60}
	EndGlobalSection
EndGlobal
